
Microsoft Visual Studio Solution File, Format Version 12.00
# Visual Studio 14
VisualStudioVersion = 14.0.25420.1
MinimumVisualStudioVersion = 10.0.40219.1
Project("{FAE04EC0-301F-11D3-BF4B-00C04F79EFBC}") = "QuizAPIAjax", "QuizAPIAjax\QuizAPIAjax.csproj", "{F23D720A-36DE-40C8-ACD9-0E5F317DFFAB}"
EndProject
Project("{FAE04EC0-301F-11D3-BF4B-00C04F79EFBC}") = "QuizHtmlAjax", "QuizHtmlAjax\QuizHtmlAjax.csproj", "{9293ED09-1532-4FE6-B92F-7A520ECD5DC8}"
EndProject
Global
	GlobalSection(SolutionConfigurationPlatforms) = preSolution
		Debug|Any CPU = Debug|Any CPU
		Release|Any CPU = Release|Any CPU
	EndGlobalSection
	GlobalSection(ProjectConfigurationPlatforms) = postSolution
		{F23D720A-36DE-40C8-ACD9-0E5F317DFFAB}.Debug|Any CPU.ActiveCfg = Debug|Any CPU
		{F23D720A-36DE-40C8-ACD9-0E5F317DFFAB}.Debug|Any CPU.Build.0 = Debug|Any CPU
		{F23D720A-36DE-40C8-ACD9-0E5F317DFFAB}.Release|Any CPU.ActiveCfg = Release|Any CPU
		{F23D720A-36DE-40C8-ACD9-0E5F317DFFAB}.Release|Any CPU.Build.0 = Release|Any CPU
		{9293ED09-1532-4FE6-B92F-7A520ECD5DC8}.Debug|Any CPU.ActiveCfg = Debug|Any CPU
		{9293ED09-1532-4FE6-B92F-7A520ECD5DC8}.Debug|Any CPU.Build.0 = Debug|Any CPU
		{9293ED09-1532-4FE6-B92F-7A520ECD5DC8}.Release|Any CPU.ActiveCfg = Release|Any CPU
		{9293ED09-1532-4FE6-B92F-7A520ECD5DC8}.Release|Any CPU.Build.0 = Release|Any CPU
	EndGlobalSection
	GlobalSection(SolutionProperties) = preSolution
		HideSolutionNode = FALSE
	EndGlobalSection
EndGlobal
